// !$*UTF8*$!
{
	archiveVersion = 1;
	classes = {
	};
	objectVersion = 56;
	objects = {

/* Begin PBXBuildFile section */
		8458C05D29B090AC000A5745 /* contentviews.swift in Sources */ = {isa = PBXBuildFile; fileRef = 8458C05C29B090AC000A5745 /* contentviews.swift */; };
		8458C0DB29DFF98A000A5745 /* ICloudProblemsView.swift in Sources */ = {isa = PBXBuildFile; fileRef = 8458C0DA29DFF98A000A5745 /* ICloudProblemsView.swift */; };
		8458C0DD29E010E7000A5745 /* UpdateBackupView.swift in Sources */ = {isa = PBXBuildFile; fileRef = 8458C0DC29E010E7000A5745 /* UpdateBackupView.swift */; };
		8458C0DF29E010F5000A5745 /* ProtectionCareView.swift in Sources */ = {isa = PBXBuildFile; fileRef = 8458C0DE29E010F5000A5745 /* ProtectionCareView.swift */; };
		8458C0E129E01102000A5745 /* BatteryPowerView.swift in Sources */ = {isa = PBXBuildFile; fileRef = 8458C0E029E01102000A5745 /* BatteryPowerView.swift */; };
		845B3ECA29A3CA54007F47E4 /* ThunderMac_ConnectApp.swift in Sources */ = {isa = PBXBuildFile; fileRef = 845B3EC929A3CA54007F47E4 /* ThunderMac_ConnectApp.swift */; };
		845B3ECC29A3CA54007F47E4 /* ContentView.swift in Sources */ = {isa = PBXBuildFile; fileRef = 845B3ECB29A3CA54007F47E4 /* ContentView.swift */; };
		845B3ECE29A3CA55007F47E4 /* Assets.xcassets in Resources */ = {isa = PBXBuildFile; fileRef = 845B3ECD29A3CA55007F47E4 /* Assets.xcassets */; };
		845B3EDB29A3CA55007F47E4 /* ThunderMac_ConnectTests.swift in Sources */ = {isa = PBXBuildFile; fileRef = 845B3EDA29A3CA55007F47E4 /* ThunderMac_ConnectTests.swift */; };
		845B3EE529A3CA55007F47E4 /* ThunderMac_ConnectUITests.swift in Sources */ = {isa = PBXBuildFile; fileRef = 845B3EE429A3CA55007F47E4 /* ThunderMac_ConnectUITests.swift */; };
		845B3EE729A3CA55007F47E4 /* ThunderMac_ConnectUITestsLaunchTests.swift in Sources */ = {isa = PBXBuildFile; fileRef = 845B3EE629A3CA55007F47E4 /* ThunderMac_ConnectUITestsLaunchTests.swift */; };
		845B3F7C29A9132E007F47E4 /* Loginpage.swift in Sources */ = {isa = PBXBuildFile; fileRef = 845B3F7B29A9132E007F47E4 /* Loginpage.swift */; };
		845B3F7F29A9371B007F47E4 /* WelcomeScreenView.swift in Sources */ = {isa = PBXBuildFile; fileRef = 845B3F7E29A9371B007F47E4 /* WelcomeScreenView.swift */; };
		845B3F8129AA2C2F007F47E4 /* SignInPageView.swift in Sources */ = {isa = PBXBuildFile; fileRef = 845B3F8029AA2C2F007F47E4 /* SignInPageView.swift */; };
		845B3F8329AA3448007F47E4 /* HomePage.swift in Sources */ = {isa = PBXBuildFile; fileRef = 845B3F8229AA3448007F47E4 /* HomePage.swift */; };
		845B3F8529AB10A2007F47E4 /* loginscreenview.swift in Sources */ = {isa = PBXBuildFile; fileRef = 845B3F8429AB10A2007F47E4 /* loginscreenview.swift */; };
		845B3F8729ADECEE007F47E4 /* iCloud.swift in Sources */ = {isa = PBXBuildFile; fileRef = 845B3F8629ADECEE007F47E4 /* iCloud.swift */; };
		845B3F8929ADEDC7007F47E4 /* ProtectionCare.swift in Sources */ = {isa = PBXBuildFile; fileRef = 845B3F8829ADEDC7007F47E4 /* ProtectionCare.swift */; };
		845B3FCA29B08BA6007F47E4 /* Main.storyboard in Resources */ = {isa = PBXBuildFile; fileRef = 845B3FC829B08BA6007F47E4 /* Main.storyboard */; };
		845B3FCB29B08BA6007F47E4 /* ViewController.swift in Sources */ = {isa = PBXBuildFile; fileRef = 845B3FC929B08BA6007F47E4 /* ViewController.swift */; };
/* End PBXBuildFile section */

/* Begin PBXContainerItemProxy section */
		845B3ED729A3CA55007F47E4 /* PBXContainerItemProxy */ = {
			isa = PBXContainerItemProxy;
			containerPortal = 845B3EBE29A3CA54007F47E4 /* Project object */;
			proxyType = 1;
			remoteGlobalIDString = 845B3EC529A3CA54007F47E4;
			remoteInfo = "ThunderMac Connect";
		};
		845B3EE129A3CA55007F47E4 /* PBXContainerItemProxy */ = {
			isa = PBXContainerItemProxy;
			containerPortal = 845B3EBE29A3CA54007F47E4 /* Project object */;
			proxyType = 1;
			remoteGlobalIDString = 845B3EC529A3CA54007F47E4;
			remoteInfo = "ThunderMac Connect";
		};
/* End PBXContainerItemProxy section */

/* Begin PBXFileReference section */
		8458C05C29B090AC000A5745 /* contentviews.swift */ = {isa = PBXFileReference; lastKnownFileType = sourcecode.swift; path = contentviews.swift; sourceTree = "<group>"; };
		8458C0DA29DFF98A000A5745 /* ICloudProblemsView.swift */ = {isa = PBXFileReference; lastKnownFileType = sourcecode.swift; path = ICloudProblemsView.swift; sourceTree = "<group>"; };
		8458C0DC29E010E7000A5745 /* UpdateBackupView.swift */ = {isa = PBXFileReference; lastKnownFileType = sourcecode.swift; path = UpdateBackupView.swift; sourceTree = "<group>"; };
		8458C0DE29E010F5000A5745 /* ProtectionCareView.swift */ = {isa = PBXFileReference; lastKnownFileType = sourcecode.swift; path = ProtectionCareView.swift; sourceTree = "<group>"; };
		8458C0E029E01102000A5745 /* BatteryPowerView.swift */ = {isa = PBXFileReference; lastKnownFileType = sourcecode.swift; path = BatteryPowerView.swift; sourceTree = "<group>"; };
		845B3EC629A3CA54007F47E4 /* ThunderMac Connect.app */ = {isa = PBXFileReference; explicitFileType = wrapper.application; includeInIndex = 0; path = "ThunderMac Connect.app"; sourceTree = BUILT_PRODUCTS_DIR; };
		845B3EC929A3CA54007F47E4 /* ThunderMac_ConnectApp.swift */ = {isa = PBXFileReference; lastKnownFileType = sourcecode.swift; path = ThunderMac_ConnectApp.swift; sourceTree = "<group>"; };
		845B3ECB29A3CA54007F47E4 /* ContentView.swift */ = {isa = PBXFileReference; lastKnownFileType = sourcecode.swift; path = ContentView.swift; sourceTree = "<group>"; };
		845B3ECD29A3CA55007F47E4 /* Assets.xcassets */ = {isa = PBXFileReference; lastKnownFileType = folder.assetcatalog; path = Assets.xcassets; sourceTree = "<group>"; };
		845B3ED629A3CA55007F47E4 /* ThunderMac ConnectTests.xctest */ = {isa = PBXFileReference; explicitFileType = wrapper.cfbundle; includeInIndex = 0; path = "ThunderMac ConnectTests.xctest"; sourceTree = BUILT_PRODUCTS_DIR; };
		845B3EDA29A3CA55007F47E4 /* ThunderMac_ConnectTests.swift */ = {isa = PBXFileReference; lastKnownFileType = sourcecode.swift; path = ThunderMac_ConnectTests.swift; sourceTree = "<group>"; };
		845B3EE029A3CA55007F47E4 /* ThunderMac ConnectUITests.xctest */ = {isa = PBXFileReference; explicitFileType = wrapper.cfbundle; includeInIndex = 0; path = "ThunderMac ConnectUITests.xctest"; sourceTree = BUILT_PRODUCTS_DIR; };
		845B3EE429A3CA55007F47E4 /* ThunderMac_ConnectUITests.swift */ = {isa = PBXFileReference; lastKnownFileType = sourcecode.swift; path = ThunderMac_ConnectUITests.swift; sourceTree = "<group>"; };
		845B3EE629A3CA55007F47E4 /* ThunderMac_ConnectUITestsLaunchTests.swift */ = {isa = PBXFileReference; lastKnownFileType = sourcecode.swift; path = ThunderMac_ConnectUITestsLaunchTests.swift; sourceTree = "<group>"; };
		845B3F7B29A9132E007F47E4 /* Loginpage.swift */ = {isa = PBXFileReference; lastKnownFileType = sourcecode.swift; path = Loginpage.swift; sourceTree = "<group>"; };
		845B3F7E29A9371B007F47E4 /* WelcomeScreenView.swift */ = {isa = PBXFileReference; lastKnownFileType = sourcecode.swift; path = WelcomeScreenView.swift; sourceTree = "<group>"; };
		845B3F8029AA2C2F007F47E4 /* SignInPageView.swift */ = {isa = PBXFileReference; lastKnownFileType = sourcecode.swift; path = SignInPageView.swift; sourceTree = "<group>"; };
		845B3F8229AA3448007F47E4 /* HomePage.swift */ = {isa = PBXFileReference; lastKnownFileType = sourcecode.swift; path = HomePage.swift; sourceTree = "<group>"; };
		845B3F8429AB10A2007F47E4 /* loginscreenview.swift */ = {isa = PBXFileReference; lastKnownFileType = sourcecode.swift; path = loginscreenview.swift; sourceTree = "<group>"; };
		845B3F8629ADECEE007F47E4 /* iCloud.swift */ = {isa = PBXFileReference; lastKnownFileType = sourcecode.swift; path = iCloud.swift; sourceTree = "<group>"; };
		845B3F8829ADEDC7007F47E4 /* ProtectionCare.swift */ = {isa = PBXFileReference; lastKnownFileType = sourcecode.swift; path = ProtectionCare.swift; sourceTree = "<group>"; };
		845B3FC829B08BA6007F47E4 /* Main.storyboard */ = {isa = PBXFileReference; fileEncoding = 4; lastKnownFileType = file.storyboard; path = Main.storyboard; sourceTree = "<group>"; };
		845B3FC929B08BA6007F47E4 /* ViewController.swift */ = {isa = PBXFileReference; fileEncoding = 4; lastKnownFileType = sourcecode.swift; path = ViewController.swift; sourceTree = "<group>"; };
/* End PBXFileReference section */

/* Begin PBXFrameworksBuildPhase section */
		845B3EC329A3CA54007F47E4 /* Frameworks */ = {
			isa = PBXFrameworksBuildPhase;
			buildActionMask = 2147483647;
			files = (
			);
			runOnlyForDeploymentPostprocessing = 0;
		};
		845B3ED329A3CA55007F47E4 /* Frameworks */ = {
			isa = PBXFrameworksBuildPhase;
			buildActionMask = 2147483647;
			files = (
			);
			runOnlyForDeploymentPostprocessing = 0;
		};
		845B3EDD29A3CA55007F47E4 /* Frameworks */ = {
			isa = PBXFrameworksBuildPhase;
			buildActionMask = 2147483647;
			files = (
			);
			runOnlyForDeploymentPostprocessing = 0;
		};
/* End PBXFrameworksBuildPhase section */

/* Begin PBXGroup section */
		8458C12D29E049FB000A5745 /* Preview Content */ = {
			isa = PBXGroup;
			children = (
			);
			path = "Preview Content";
			sourceTree = "<group>";
		};
		845B3EBD29A3CA54007F47E4 = {
			isa = PBXGroup;
			children = (
				845B3EC829A3CA54007F47E4 /* ThunderMac Connect */,
				845B3ED929A3CA55007F47E4 /* ThunderMac ConnectTests */,
				845B3EE329A3CA55007F47E4 /* ThunderMac ConnectUITests */,
				845B3EC729A3CA54007F47E4 /* Products */,
			);
			sourceTree = "<group>";
		};
		845B3EC729A3CA54007F47E4 /* Products */ = {
			isa = PBXGroup;
			children = (
				845B3EC629A3CA54007F47E4 /* ThunderMac Connect.app */,
				845B3ED629A3CA55007F47E4 /* ThunderMac ConnectTests.xctest */,
				845B3EE029A3CA55007F47E4 /* ThunderMac ConnectUITests.xctest */,
			);
			name = Products;
			sourceTree = "<group>";
		};
		845B3EC829A3CA54007F47E4 /* ThunderMac Connect */ = {
			isa = PBXGroup;
			children = (
				8458C12D29E049FB000A5745 /* Preview Content */,
				845B3FC729B08B8A007F47E4 /* Storyboardfiles */,
				845B3F7D29A936F0007F47E4 /* Screens */,
				845B3EC929A3CA54007F47E4 /* ThunderMac_ConnectApp.swift */,
				845B3F8229AA3448007F47E4 /* HomePage.swift */,
				845B3ECB29A3CA54007F47E4 /* ContentView.swift */,
				845B3ECD29A3CA55007F47E4 /* Assets.xcassets */,
				845B3F7B29A9132E007F47E4 /* Loginpage.swift */,
				8458C05C29B090AC000A5745 /* contentviews.swift */,
				8458C0DA29DFF98A000A5745 /* ICloudProblemsView.swift */,
				8458C0DC29E010E7000A5745 /* UpdateBackupView.swift */,
				8458C0DE29E010F5000A5745 /* ProtectionCareView.swift */,
				8458C0E029E01102000A5745 /* BatteryPowerView.swift */,
			);
			path = "ThunderMac Connect";
			sourceTree = "<group>";
		};
		845B3ED929A3CA55007F47E4 /* ThunderMac ConnectTests */ = {
			isa = PBXGroup;
			children = (
				845B3EDA29A3CA55007F47E4 /* ThunderMac_ConnectTests.swift */,
			);
			path = "ThunderMac ConnectTests";
			sourceTree = "<group>";
		};
		845B3EE329A3CA55007F47E4 /* ThunderMac ConnectUITests */ = {
			isa = PBXGroup;
			children = (
				845B3EE429A3CA55007F47E4 /* ThunderMac_ConnectUITests.swift */,
				845B3EE629A3CA55007F47E4 /* ThunderMac_ConnectUITestsLaunchTests.swift */,
			);
			path = "ThunderMac ConnectUITests";
			sourceTree = "<group>";
		};
		845B3F7D29A936F0007F47E4 /* Screens */ = {
			isa = PBXGroup;
			children = (
				845B3F7E29A9371B007F47E4 /* WelcomeScreenView.swift */,
				845B3F8029AA2C2F007F47E4 /* SignInPageView.swift */,
				845B3F8429AB10A2007F47E4 /* loginscreenview.swift */,
				845B3F8629ADECEE007F47E4 /* iCloud.swift */,
				845B3F8829ADEDC7007F47E4 /* ProtectionCare.swift */,
			);
			path = Screens;
			sourceTree = "<group>";
		};
		845B3FC729B08B8A007F47E4 /* Storyboardfiles */ = {
			isa = PBXGroup;
			children = (
				845B3FC829B08BA6007F47E4 /* Main.storyboard */,
				845B3FC929B08BA6007F47E4 /* ViewController.swift */,
			);
			name = Storyboardfiles;
			sourceTree = "<group>";
		};
/* End PBXGroup section */

/* Begin PBXNativeTarget section */
		845B3EC529A3CA54007F47E4 /* ThunderMac Connect */ = {
			isa = PBXNativeTarget;
			buildConfigurationList = 845B3EEA29A3CA55007F47E4 /* Build configuration list for PBXNativeTarget "ThunderMac Connect" */;
			buildPhases = (
				845B3EC229A3CA54007F47E4 /* Sources */,
				845B3EC329A3CA54007F47E4 /* Frameworks */,
				845B3EC429A3CA54007F47E4 /* Resources */,
			);
			buildRules = (
			);
			dependencies = (
			);
			name = "ThunderMac Connect";
			productName = "ThunderMac Connect";
			productReference = 845B3EC629A3CA54007F47E4 /* ThunderMac Connect.app */;
			productType = "com.apple.product-type.application";
		};
		845B3ED529A3CA55007F47E4 /* ThunderMac ConnectTests */ = {
			isa = PBXNativeTarget;
			buildConfigurationList = 845B3EED29A3CA55007F47E4 /* Build configuration list for PBXNativeTarget "ThunderMac ConnectTests" */;
			buildPhases = (
				845B3ED229A3CA55007F47E4 /* Sources */,
				845B3ED329A3CA55007F47E4 /* Frameworks */,
				845B3ED429A3CA55007F47E4 /* Resources */,
			);
			buildRules = (
			);
			dependencies = (
				845B3ED829A3CA55007F47E4 /* PBXTargetDependency */,
			);
			name = "ThunderMac ConnectTests";
			productName = "ThunderMac ConnectTests";
			productReference = 845B3ED629A3CA55007F47E4 /* ThunderMac ConnectTests.xctest */;
			productType = "com.apple.product-type.bundle.unit-test";
		};
		845B3EDF29A3CA55007F47E4 /* ThunderMac ConnectUITests */ = {
			isa = PBXNativeTarget;
			buildConfigurationList = 845B3EF029A3CA55007F47E4 /* Build configuration list for PBXNativeTarget "ThunderMac ConnectUITests" */;
			buildPhases = (
				845B3EDC29A3CA55007F47E4 /* Sources */,
				845B3EDD29A3CA55007F47E4 /* Frameworks */,
				845B3EDE29A3CA55007F47E4 /* Resources */,
			);
			buildRules = (
			);
			dependencies = (
				845B3EE229A3CA55007F47E4 /* PBXTargetDependency */,
			);
			name = "ThunderMac ConnectUITests";
			productName = "ThunderMac ConnectUITests";
			productReference = 845B3EE029A3CA55007F47E4 /* ThunderMac ConnectUITests.xctest */;
			productType = "com.apple.product-type.bundle.ui-testing";
		};
/* End PBXNativeTarget section */

/* Begin PBXProject section */
		845B3EBE29A3CA54007F47E4 /* Project object */ = {
			isa = PBXProject;
			attributes = {
				BuildIndependentTargetsInParallel = 1;
				LastSwiftUpdateCheck = 1420;
				LastUpgradeCheck = 1420;
				TargetAttributes = {
					845B3EC529A3CA54007F47E4 = {
						CreatedOnToolsVersion = 14.2;
					};
					845B3ED529A3CA55007F47E4 = {
						CreatedOnToolsVersion = 14.2;
						TestTargetID = 845B3EC529A3CA54007F47E4;
					};
					845B3EDF29A3CA55007F47E4 = {
						CreatedOnToolsVersion = 14.2;
						TestTargetID = 845B3EC529A3CA54007F47E4;
					};
				};
			};
			buildConfigurationList = 845B3EC129A3CA54007F47E4 /* Build configuration list for PBXProject "ThunderMac Connect" */;
			compatibilityVersion = "Xcode 14.0";
			developmentRegion = en;
			hasScannedForEncodings = 0;
			knownRegions = (
				en,
				Base,
			);
			mainGroup = 845B3EBD29A3CA54007F47E4;
			productRefGroup = 845B3EC729A3CA54007F47E4 /* Products */;
			projectDirPath = "";
			projectRoot = "";
			targets = (
				845B3EC529A3CA54007F47E4 /* ThunderMac Connect */,
				845B3ED529A3CA55007F47E4 /* ThunderMac ConnectTests */,
				845B3EDF29A3CA55007F47E4 /* ThunderMac ConnectUITests */,
			);
		};
/* End PBXProject section */

/* Begin PBXResourcesBuildPhase section */
		845B3EC429A3CA54007F47E4 /* Resources */ = {
			isa = PBXResourcesBuildPhase;
			buildActionMask = 2147483647;
			files = (
				845B3FCA29B08BA6007F47E4 /* Main.storyboard in Resources */,
				845B3ECE29A3CA55007F47E4 /* Assets.xcassets in Resources */,
			);
			runOnlyForDeploymentPostprocessing = 0;
		};
		845B3ED429A3CA55007F47E4 /* Resources */ = {
			isa = PBXResourcesBuildPhase;
			buildActionMask = 2147483647;
			files = (
			);
			runOnlyForDeploymentPostprocessing = 0;
		};
		845B3EDE29A3CA55007F47E4 /* Resources */ = {
			isa = PBXResourcesBuildPhase;
			buildActionMask = 2147483647;
			files = (
			);
			runOnlyForDeploymentPostprocessing = 0;
		};
/* End PBXResourcesBuildPhase section */

/* Begin PBXSourcesBuildPhase section */
		845B3EC229A3CA54007F47E4 /* Sources */ = {
			isa = PBXSourcesBuildPhase;
			buildActionMask = 2147483647;
			files = (
				845B3FCB29B08BA6007F47E4 /* ViewController.swift in Sources */,
				845B3ECC29A3CA54007F47E4 /* ContentView.swift in Sources */,
				845B3F8329AA3448007F47E4 /* HomePage.swift in Sources */,
				845B3F7F29A9371B007F47E4 /* WelcomeScreenView.swift in Sources */,
				8458C0DD29E010E7000A5745 /* UpdateBackupView.swift in Sources */,
				8458C05D29B090AC000A5745 /* contentviews.swift in Sources */,
				845B3F8529AB10A2007F47E4 /* loginscreenview.swift in Sources */,
				8458C0E129E01102000A5745 /* BatteryPowerView.swift in Sources */,
				845B3F8129AA2C2F007F47E4 /* SignInPageView.swift in Sources */,
				845B3F7C29A9132E007F47E4 /* Loginpage.swift in Sources */,
				845B3ECA29A3CA54007F47E4 /* ThunderMac_ConnectApp.swift in Sources */,
				8458C0DF29E010F5000A5745 /* ProtectionCareView.swift in Sources */,
				845B3F8729ADECEE007F47E4 /* iCloud.swift in Sources */,
				8458C0DB29DFF98A000A5745 /* ICloudProblemsView.swift in Sources */,
				845B3F8929ADEDC7007F47E4 /* ProtectionCare.swift in Sources */,
			);
			runOnlyForDeploymentPostprocessing = 0;
		};
		845B3ED229A3CA55007F47E4 /* Sources */ = {
			isa = PBXSourcesBuildPhase;
			buildActionMask = 2147483647;
			files = (
				845B3EDB29A3CA55007F47E4 /* ThunderMac_ConnectTests.swift in Sources */,
			);
			runOnlyForDeploymentPostprocessing = 0;
		};
		845B3EDC29A3CA55007F47E4 /* Sources */ = {
			isa = PBXSourcesBuildPhase;
			buildActionMask = 2147483647;
			files = (
				845B3EE729A3CA55007F47E4 /* ThunderMac_ConnectUITestsLaunchTests.swift in Sources */,
				845B3EE529A3CA55007F47E4 /* ThunderMac_ConnectUITests.swift in Sources */,
			);
			runOnlyForDeploymentPostprocessing = 0;
		};
/* End PBXSourcesBuildPhase section */

/* Begin PBXTargetDependency section */
		845B3ED829A3CA55007F47E4 /* PBXTargetDependency */ = {
			isa = PBXTargetDependency;
			target = 845B3EC529A3CA54007F47E4 /* ThunderMac Connect */;
			targetProxy = 845B3ED729A3CA55007F47E4 /* PBXContainerItemProxy */;
		};
		845B3EE229A3CA55007F47E4 /* PBXTargetDependency */ = {
			isa = PBXTargetDependency;
			target = 845B3EC529A3CA54007F47E4 /* ThunderMac Connect */;
			targetProxy = 845B3EE129A3CA55007F47E4 /* PBXContainerItemProxy */;
		};
/* End PBXTargetDependency section */

/* Begin XCBuildConfiguration section */
		845B3EE829A3CA55007F47E4 /* Debug */ = {
			isa = XCBuildConfiguration;
			buildSettings = {
				ALWAYS_SEARCH_USER_PATHS = NO;
				CLANG_ANALYZER_NONNULL = YES;
				CLANG_ANALYZER_NUMBER_OBJECT_CONVERSION = YES_AGGRESSIVE;
				CLANG_CXX_LANGUAGE_STANDARD = "gnu++20";
				CLANG_ENABLE_MODULES = YES;
				CLANG_ENABLE_OBJC_ARC = YES;
				CLANG_ENABLE_OBJC_WEAK = YES;
				CLANG_WARN_BLOCK_CAPTURE_AUTORELEASING = YES;
				CLANG_WARN_BOOL_CONVERSION = YES;
				CLANG_WARN_COMMA = YES;
				CLANG_WARN_CONSTANT_CONVERSION = YES;
				CLANG_WARN_DEPRECATED_OBJC_IMPLEMENTATIONS = YES;
				CLANG_WARN_DIRECT_OBJC_ISA_USAGE = YES_ERROR;
				CLANG_WARN_DOCUMENTATION_COMMENTS = YES;
				CLANG_WARN_EMPTY_BODY = YES;
				CLANG_WARN_ENUM_CONVERSION = YES;
				CLANG_WARN_INFINITE_RECURSION = YES;
				CLANG_WARN_INT_CONVERSION = YES;
				CLANG_WARN_NON_LITERAL_NULL_CONVERSION = YES;
				CLANG_WARN_OBJC_IMPLICIT_RETAIN_SELF = YES;
				CLANG_WARN_OBJC_LITERAL_CONVERSION = YES;
				CLANG_WARN_OBJC_ROOT_CLASS = YES_ERROR;
				CLANG_WARN_QUOTED_INCLUDE_IN_FRAMEWORK_HEADER = YES;
				CLANG_WARN_RANGE_LOOP_ANALYSIS = YES;
				CLANG_WARN_STRICT_PROTOTYPES = YES;
				CLANG_WARN_SUSPICIOUS_MOVE = YES;
				CLANG_WARN_UNGUARDED_AVAILABILITY = YES_AGGRESSIVE;
				CLANG_WARN_UNREACHABLE_CODE = YES;
				CLANG_WARN__DUPLICATE_METHOD_MATCH = YES;
				COPY_PHASE_STRIP = NO;
				DEBUG_INFORMATION_FORMAT = dwarf;
				ENABLE_STRICT_OBJC_MSGSEND = YES;
				ENABLE_TESTABILITY = YES;
				GCC_C_LANGUAGE_STANDARD = gnu11;
				GCC_DYNAMIC_NO_PIC = NO;
				GCC_NO_COMMON_BLOCKS = YES;
				GCC_OPTIMIZATION_LEVEL = 0;
				GCC_PREPROCESSOR_DEFINITIONS = (
					"DEBUG=1",
					"$(inherited)",
				);
				GCC_WARN_64_TO_32_BIT_CONVERSION = YES;
				GCC_WARN_ABOUT_RETURN_TYPE = YES_ERROR;
				GCC_WARN_UNDECLARED_SELECTOR = YES;
				GCC_WARN_UNINITIALIZED_AUTOS = YES_AGGRESSIVE;
				GCC_WARN_UNUSED_FUNCTION = YES;
				GCC_WARN_UNUSED_VARIABLE = YES;
				IPHONEOS_DEPLOYMENT_TARGET = 16.2;
				MTL_ENABLE_DEBUG_INFO = INCLUDE_SOURCE;
				MTL_FAST_MATH = YES;
				ONLY_ACTIVE_ARCH = YES;
				SDKROOT = iphoneos;
				SWIFT_ACTIVE_COMPILATION_CONDITIONS = DEBUG;
				SWIFT_OPTIMIZATION_LEVEL = "-Onone";
			};
			name = Debug;
		};
		845B3EE929A3CA55007F47E4 /* Release */ = {
			isa = XCBuildConfiguration;
			buildSettings = {
				ALWAYS_SEARCH_USER_PATHS = NO;
				CLANG_ANALYZER_NONNULL = YES;
				CLANG_ANALYZER_NUMBER_OBJECT_CONVERSION = YES_AGGRESSIVE;
				CLANG_CXX_LANGUAGE_STANDARD = "gnu++20";
				CLANG_ENABLE_MODULES = YES;
				CLANG_ENABLE_OBJC_ARC = YES;
				CLANG_ENABLE_OBJC_WEAK = YES;
				CLANG_WARN_BLOCK_CAPTURE_AUTORELEASING = YES;
				CLANG_WARN_BOOL_CONVERSION = YES;
				CLANG_WARN_COMMA = YES;
				CLANG_WARN_CONSTANT_CONVERSION = YES;
				CLANG_WARN_DEPRECATED_OBJC_IMPLEMENTATIONS = YES;
				CLANG_WARN_DIRECT_OBJC_ISA_USAGE = YES_ERROR;
				CLANG_WARN_DOCUMENTATION_COMMENTS = YES;
				CLANG_WARN_EMPTY_BODY = YES;
				CLANG_WARN_ENUM_CONVERSION = YES;
				CLANG_WARN_INFINITE_RECURSION = YES;
				CLANG_WARN_INT_CONVERSION = YES;
				CLANG_WARN_NON_LITERAL_NULL_CONVERSION = YES;
				CLANG_WARN_OBJC_IMPLICIT_RETAIN_SELF = YES;
				CLANG_WARN_OBJC_LITERAL_CONVERSION = YES;
				CLANG_WARN_OBJC_ROOT_CLASS = YES_ERROR;
				CLANG_WARN_QUOTED_INCLUDE_IN_FRAMEWORK_HEADER = YES;
				CLANG_WARN_RANGE_LOOP_ANALYSIS = YES;
				CLANG_WARN_STRICT_PROTOTYPES = YES;
				CLANG_WARN_SUSPICIOUS_MOVE = YES;
				CLANG_WARN_UNGUARDED_AVAILABILITY = YES_AGGRESSIVE;
				CLANG_WARN_UNREACHABLE_CODE = YES;
				CLANG_WARN__DUPLICATE_METHOD_MATCH = YES;
				COPY_PHASE_STRIP = NO;
				DEBUG_INFORMATION_FORMAT = "dwarf-with-dsym";
				ENABLE_NS_ASSERTIONS = NO;
				ENABLE_STRICT_OBJC_MSGSEND = YES;
				GCC_C_LANGUAGE_STANDARD = gnu11;
				GCC_NO_COMMON_BLOCKS = YES;
				GCC_WARN_64_TO_32_BIT_CONVERSION = YES;
				GCC_WARN_ABOUT_RETURN_TYPE = YES_ERROR;
				GCC_WARN_UNDECLARED_SELECTOR = YES;
				GCC_WARN_UNINITIALIZED_AUTOS = YES_AGGRESSIVE;
				GCC_WARN_UNUSED_FUNCTION = YES;
				GCC_WARN_UNUSED_VARIABLE = YES;
				IPHONEOS_DEPLOYMENT_TARGET = 16.2;
				MTL_ENABLE_DEBUG_INFO = NO;
				MTL_FAST_MATH = YES;
				SDKROOT = iphoneos;
				SWIFT_COMPILATION_MODE = wholemodule;
				SWIFT_OPTIMIZATION_LEVEL = "-O";
				VALIDATE_PRODUCT = YES;
			};
			name = Release;
		};
		845B3EEB29A3CA55007F47E4 /* Debug */ = {
			isa = XCBuildConfiguration;
			buildSettings = {
				ASSETCATALOG_COMPILER_APPICON_NAME = AppIcon;
				ASSETCATALOG_COMPILER_GLOBAL_ACCENT_COLOR_NAME = AccentColor;
				CODE_SIGN_STYLE = Automatic;
				CURRENT_PROJECT_VERSION = 1;
				DEVELOPMENT_ASSET_PATHS = "";
				ENABLE_PREVIEWS = YES;
				GENERATE_INFOPLIST_FILE = YES;
				INFOPLIST_KEY_UIApplicationSceneManifest_Generation = YES;
				INFOPLIST_KEY_UIApplicationSupportsIndirectInputEvents = YES;
				INFOPLIST_KEY_UILaunchScreen_Generation = YES;
				INFOPLIST_KEY_UISupportedInterfaceOrientations_iPad = "UIInterfaceOrientationPortrait UIInterfaceOrientationPortraitUpsideDown UIInterfaceOrientationLandscapeLeft UIInterfaceOrientationLandscapeRight";
				INFOPLIST_KEY_UISupportedInterfaceOrientations_iPhone = "UIInterfaceOrientationPortrait UIInterfaceOrientationLandscapeLeft UIInterfaceOrientationLandscapeRight";
				LD_RUNPATH_SEARCH_PATHS = (
					"$(inherited)",
					"@executable_path/Frameworks",
				);
				MARKETING_VERSION = 1.0;
				PRODUCT_BUNDLE_IDENTIFIER = "com.thundermac.ThunderMac-Connect";
				PRODUCT_NAME = "$(TARGET_NAME)";
				SWIFT_EMIT_LOC_STRINGS = YES;
				SWIFT_VERSION = 5.0;
				TARGETED_DEVICE_FAMILY = "1,2";
			};
			name = Debug;
		};
		845B3EEC29A3CA55007F47E4 /* Release */ = {
			isa = XCBuildConfiguration;
			buildSettings = {
				ASSETCATALOG_COMPILER_APPICON_NAME = AppIcon;
				ASSETCATALOG_COMPILER_GLOBAL_ACCENT_COLOR_NAME = AccentColor;
				CODE_SIGN_STYLE = Automatic;
				CURRENT_PROJECT_VERSION = 1;
				DEVELOPMENT_ASSET_PATHS = "";
				ENABLE_PREVIEWS = YES;
				GENERATE_INFOPLIST_FILE = YES;
				INFOPLIST_KEY_UIApplicationSceneManifest_Generation = YES;
				INFOPLIST_KEY_UIApplicationSupportsIndirectInputEvents = YES;
				INFOPLIST_KEY_UILaunchScreen_Generation = YES;
				INFOPLIST_KEY_UISupportedInterfaceOrientations_iPad = "UIInterfaceOrientationPortrait UIInterfaceOrientationPortraitUpsideDown UIInterfaceOrientationLandscapeLeft UIInterfaceOrientationLandscapeRight";
				INFOPLIST_KEY_UISupportedInterfaceOrientations_iPhone = "UIInterfaceOrientationPortrait UIInterfaceOrientationLandscapeLeft UIInterfaceOrientationLandscapeRight";
				LD_RUNPATH_SEARCH_PATHS = (
					"$(inherited)",
					"@executable_path/Frameworks",
				);
				MARKETING_VERSION = 1.0;
				PRODUCT_BUNDLE_IDENTIFIER = "com.thundermac.ThunderMac-Connect";
				PRODUCT_NAME = "$(TARGET_NAME)";
				SWIFT_EMIT_LOC_STRINGS = YES;
				SWIFT_VERSION = 5.0;
				TARGETED_DEVICE_FAMILY = "1,2";
			};
			name = Release;
		};
		845B3EEE29A3CA55007F47E4 /* Debug */ = {
			isa = XCBuildConfiguration;
			buildSettings = {
				ALWAYS_EMBED_SWIFT_STANDARD_LIBRARIES = YES;
				BUNDLE_LOADER = "$(TEST_HOST)";
				CODE_SIGN_STYLE = Automatic;
				CURRENT_PROJECT_VERSION = 1;
				GENERATE_INFOPLIST_FILE = YES;
				IPHONEOS_DEPLOYMENT_TARGET = 16.2;
				MARKETING_VERSION = 1.0;
				PRODUCT_BUNDLE_IDENTIFIER = "com.thundermac.ThunderMac-ConnectTests";
				PRODUCT_NAME = "$(TARGET_NAME)";
				SWIFT_EMIT_LOC_STRINGS = NO;
				SWIFT_VERSION = 5.0;
				TARGETED_DEVICE_FAMILY = "1,2";
				TEST_HOST = "$(BUILT_PRODUCTS_DIR)/ThunderMac Connect.app/$(BUNDLE_EXECUTABLE_FOLDER_PATH)/ThunderMac Connect";
			};
			name = Debug;
		};
		845B3EEF29A3CA55007F47E4 /* Release */ = {
			isa = XCBuildConfiguration;
			buildSettings = {
				ALWAYS_EMBED_SWIFT_STANDARD_LIBRARIES = YES;
				BUNDLE_LOADER = "$(TEST_HOST)";
				CODE_SIGN_STYLE = Automatic;
				CURRENT_PROJECT_VERSION = 1;
				GENERATE_INFOPLIST_FILE = YES;
				IPHONEOS_DEPLOYMENT_TARGET = 16.2;
				MARKETING_VERSION = 1.0;
				PRODUCT_BUNDLE_IDENTIFIER = "com.thundermac.ThunderMac-ConnectTests";
				PRODUCT_NAME = "$(TARGET_NAME)";
				SWIFT_EMIT_LOC_STRINGS = NO;
				SWIFT_VERSION = 5.0;
				TARGETED_DEVICE_FAMILY = "1,2";
				TEST_HOST = "$(BUILT_PRODUCTS_DIR)/ThunderMac Connect.app/$(BUNDLE_EXECUTABLE_FOLDER_PATH)/ThunderMac Connect";
			};
			name = Release;
		};
		845B3EF129A3CA55007F47E4 /* Debug */ = {
			isa = XCBuildConfiguration;
			buildSettings = {
				ALWAYS_EMBED_SWIFT_STANDARD_LIBRARIES = YES;
				CODE_SIGN_STYLE = Automatic;
				CURRENT_PROJECT_VERSION = 1;
				GENERATE_INFOPLIST_FILE = YES;
				MARKETING_VERSION = 1.0;
				PRODUCT_BUNDLE_IDENTIFIER = "com.thundermac.ThunderMac-ConnectUITests";
				PRODUCT_NAME = "$(TARGET_NAME)";
				SWIFT_EMIT_LOC_STRINGS = NO;
				SWIFT_VERSION = 5.0;
				TARGETED_DEVICE_FAMILY = "1,2";
				TEST_TARGET_NAME = "ThunderMac Connect";
			};
			name = Debug;
		};
		845B3EF229A3CA55007F47E4 /* Release */ = {
			isa = XCBuildConfiguration;
			buildSettings = {
				ALWAYS_EMBED_SWIFT_STANDARD_LIBRARIES = YES;
				CODE_SIGN_STYLE = Automatic;
				CURRENT_PROJECT_VERSION = 1;
				GENERATE_INFOPLIST_FILE = YES;
				MARKETING_VERSION = 1.0;
				PRODUCT_BUNDLE_IDENTIFIER = "com.thundermac.ThunderMac-ConnectUITests";
				PRODUCT_NAME = "$(TARGET_NAME)";
				SWIFT_EMIT_LOC_STRINGS = NO;
				SWIFT_VERSION = 5.0;
				TARGETED_DEVICE_FAMILY = "1,2";
				TEST_TARGET_NAME = "ThunderMac Connect";
			};
			name = Release;
		};
/* End XCBuildConfiguration section */

/* Begin XCConfigurationList section */
		845B3EC129A3CA54007F47E4 /* Build configuration list for PBXProject "ThunderMac Connect" */ = {
			isa = XCConfigurationList;
			buildConfigurations = (
				845B3EE829A3CA55007F47E4 /* Debug */,
				845B3EE929A3CA55007F47E4 /* Release */,
			);
			defaultConfigurationIsVisible = 0;
			defaultConfigurationName = Release;
		};
		845B3EEA29A3CA55007F47E4 /* Build configuration list for PBXNativeTarget "ThunderMac Connect" */ = {
			isa = XCConfigurationList;
			buildConfigurations = (
				845B3EEB29A3CA55007F47E4 /* Debug */,
				845B3EEC29A3CA55007F47E4 /* Release */,
			);
			defaultConfigurationIsVisible = 0;
			defaultConfigurationName = Release;
		};
		845B3EED29A3CA55007F47E4 /* Build configuration list for PBXNativeTarget "ThunderMac ConnectTests" */ = {
			isa = XCConfigurationList;
			buildConfigurations = (
				845B3EEE29A3CA55007F47E4 /* Debug */,
				845B3EEF29A3CA55007F47E4 /* Release */,
			);
			defaultConfigurationIsVisible = 0;
			defaultConfigurationName = Release;
		};
		845B3EF029A3CA55007F47E4 /* Build configuration list for PBXNativeTarget "ThunderMac ConnectUITests" */ = {
			isa = XCConfigurationList;
			buildConfigurations = (
				845B3EF129A3CA55007F47E4 /* Debug */,
				845B3EF229A3CA55007F47E4 /* Release */,
			);
			defaultConfigurationIsVisible = 0;
			defaultConfigurationName = Release;
		};
/* End XCConfigurationList section */
	};
	rootObject = 845B3EBE29A3CA54007F47E4 /* Project object */;
}
